// !$*UTF8*$!
{
	archiveVersion = 1;
	classes = {
	};
	objectVersion = 46;
	objects = {

/* Begin PBXBuildFile section */
		F4A836E41AA88E4A00963695 /* main.m in Sources */ = {isa = PBXBuildFile; fileRef = F4A836E31AA88E4A00963695 /* main.m */; };
		F4A836EB1AA8901500963695 /* CommandListener.m in Sources */ = {isa = PBXBuildFile; fileRef = F4A836EA1AA8901500963695 /* CommandListener.m */; };
		F4A836F11AA8A3A700963695 /* StandardOutputReporter.m in Sources */ = {isa = PBXBuildFile; fileRef = F4A836F01AA8A3A700963695 /* StandardOutputReporter.m */; };
		F4B5458C1AA9B1720050C717 /* voice-command in CopyFiles */ = {isa = PBXBuildFile; fileRef = F4A836E01AA88E4A00963695 /* voice-command */; settings = {ATTRIBUTES = (CodeSignOnCopy, ); }; };
/* End PBXBuildFile section */

/* Begin PBXCopyFilesBuildPhase section */
		F4A836DE1AA88E4A00963695 /* CopyFiles */ = {
			isa = PBXCopyFilesBuildPhase;
			buildActionMask = 12;
			dstPath = ../../../../../.bin;
			dstSubfolderSpec = 16;
			files = (
				F4B5458C1AA9B1720050C717 /* voice-command in CopyFiles */,
			);
			runOnlyForDeploymentPostprocessing = 0;
		};
/* End PBXCopyFilesBuildPhase section */

/* Begin PBXFileReference section */
		F4A836E01AA88E4A00963695 /* voice-command */ = {isa = PBXFileReference; explicitFileType = "compiled.mach-o.executable"; includeInIndex = 0; path = "voice-command"; sourceTree = BUILT_PRODUCTS_DIR; };
		F4A836E31AA88E4A00963695 /* main.m */ = {isa = PBXFileReference; lastKnownFileType = sourcecode.c.objc; path = main.m; sourceTree = "<group>"; };
		F4A836EA1AA8901500963695 /* CommandListener.m */ = {isa = PBXFileReference; fileEncoding = 4; lastKnownFileType = sourcecode.c.objc; path = CommandListener.m; sourceTree = "<group>"; };
		F4A836ED1AA89C3600963695 /* CommandListener.h */ = {isa = PBXFileReference; lastKnownFileType = sourcecode.c.h; path = CommandListener.h; sourceTree = "<group>"; };
		F4A836EF1AA8A35B00963695 /* CommandReporter.h */ = {isa = PBXFileReference; lastKnownFileType = sourcecode.c.h; path = CommandReporter.h; sourceTree = "<group>"; };
		F4A836F01AA8A3A700963695 /* StandardOutputReporter.m */ = {isa = PBXFileReference; fileEncoding = 4; lastKnownFileType = sourcecode.c.objc; path = StandardOutputReporter.m; sourceTree = "<group>"; };
		F4A836F21AA8AA5100963695 /* StandardOutputReporter.h */ = {isa = PBXFileReference; lastKnownFileType = sourcecode.c.h; path = StandardOutputReporter.h; sourceTree = "<group>"; };
/* End PBXFileReference section */

/* Begin PBXFrameworksBuildPhase section */
		F4A836DD1AA88E4A00963695 /* Frameworks */ = {
			isa = PBXFrameworksBuildPhase;
			buildActionMask = 2147483647;
			files = (
			);
			runOnlyForDeploymentPostprocessing = 0;
		};
/* End PBXFrameworksBuildPhase section */

/* Begin PBXGroup section */
		F4A836D71AA88E4900963695 = {
			isa = PBXGroup;
			children = (
				F4A836E21AA88E4A00963695 /* voice-command */,
				F4A836E11AA88E4A00963695 /* Products */,
			);
			sourceTree = "<group>";
		};
		F4A836E11AA88E4A00963695 /* Products */ = {
			isa = PBXGroup;
			children = (
				F4A836E01AA88E4A00963695 /* voice-command */,
			);
			name = Products;
			sourceTree = "<group>";
		};
		F4A836E21AA88E4A00963695 /* voice-command */ = {
			isa = PBXGroup;
			children = (
				F4A836E31AA88E4A00963695 /* main.m */,
				F4A836EA1AA8901500963695 /* CommandListener.m */,
				F4A836ED1AA89C3600963695 /* CommandListener.h */,
				F4A836EF1AA8A35B00963695 /* CommandReporter.h */,
				F4A836F01AA8A3A700963695 /* StandardOutputReporter.m */,
				F4A836F21AA8AA5100963695 /* StandardOutputReporter.h */,
			);
			path = "voice-command";
			sourceTree = "<group>";
		};
/* End PBXGroup section */

/* Begin PBXNativeTarget section */
		F4A836DF1AA88E4A00963695 /* voice-command */ = {
			isa = PBXNativeTarget;
			buildConfigurationList = F4A836E71AA88E4A00963695 /* Build configuration list for PBXNativeTarget "voice-command" */;
			buildPhases = (
				F4A836DC1AA88E4A00963695 /* Sources */,
				F4A836DD1AA88E4A00963695 /* Frameworks */,
				F4A836DE1AA88E4A00963695 /* CopyFiles */,
			);
			buildRules = (
			);
			dependencies = (
			);
			name = "voice-command";
			productName = "voice-command";
			productReference = F4A836E01AA88E4A00963695 /* voice-command */;
			productType = "com.apple.product-type.tool";
		};
/* End PBXNativeTarget section */

/* Begin PBXProject section */
		F4A836D81AA88E4900963695 /* Project object */ = {
			isa = PBXProject;
			attributes = {
				LastUpgradeCheck = 0610;
				ORGANIZATIONNAME = tretton37;
				TargetAttributes = {
					F4A836DF1AA88E4A00963695 = {
						CreatedOnToolsVersion = 6.1.1;
					};
				};
			};
			buildConfigurationList = F4A836DB1AA88E4900963695 /* Build configuration list for PBXProject "voice-command" */;
			compatibilityVersion = "Xcode 3.2";
			developmentRegion = English;
			hasScannedForEncodings = 0;
			knownRegions = (
				en,
			);
			mainGroup = F4A836D71AA88E4900963695;
			productRefGroup = F4A836E11AA88E4A00963695 /* Products */;
			projectDirPath = "";
			projectRoot = "";
			targets = (
				F4A836DF1AA88E4A00963695 /* voice-command */,
			);
		};
/* End PBXProject section */

/* Begin PBXSourcesBuildPhase section */
		F4A836DC1AA88E4A00963695 /* Sources */ = {
			isa = PBXSourcesBuildPhase;
			buildActionMask = 2147483647;
			files = (
				F4A836F11AA8A3A700963695 /* StandardOutputReporter.m in Sources */,
				F4A836E41AA88E4A00963695 /* main.m in Sources */,
				F4A836EB1AA8901500963695 /* CommandListener.m in Sources */,
			);
			runOnlyForDeploymentPostprocessing = 0;
		};
/* End PBXSourcesBuildPhase section */

/* Begin XCBuildConfiguration section */
		F4A836E51AA88E4A00963695 /* Debug */ = {
			isa = XCBuildConfiguration;
			buildSettings = {
				ALWAYS_SEARCH_USER_PATHS = NO;
				CLANG_CXX_LANGUAGE_STANDARD = "gnu++0x";
				CLANG_CXX_LIBRARY = "libc++";
				CLANG_ENABLE_MODULES = YES;
				CLANG_ENABLE_OBJC_ARC = YES;
				CLANG_WARN_BOOL_CONVERSION = YES;
				CLANG_WARN_CONSTANT_CONVERSION = YES;
				CLANG_WARN_DIRECT_OBJC_ISA_USAGE = YES_ERROR;
				CLANG_WARN_EMPTY_BODY = YES;
				CLANG_WARN_ENUM_CONVERSION = YES;
				CLANG_WARN_INT_CONVERSION = YES;
				CLANG_WARN_OBJC_ROOT_CLASS = YES_ERROR;
				CLANG_WARN_UNREACHABLE_CODE = YES;
				CLANG_WARN__DUPLICATE_METHOD_MATCH = YES;
				COPY_PHASE_STRIP = NO;
				ENABLE_STRICT_OBJC_MSGSEND = YES;
				GCC_C_LANGUAGE_STANDARD = gnu99;
				GCC_DYNAMIC_NO_PIC = NO;
				GCC_OPTIMIZATION_LEVEL = 0;
				GCC_PREPROCESSOR_DEFINITIONS = (
					"DEBUG=1",
					"$(inherited)",
				);
				GCC_SYMBOLS_PRIVATE_EXTERN = NO;
				GCC_WARN_64_TO_32_BIT_CONVERSION = YES;
				GCC_WARN_ABOUT_RETURN_TYPE = YES_ERROR;
				GCC_WARN_UNDECLARED_SELECTOR = YES;
				GCC_WARN_UNINITIALIZED_AUTOS = YES_AGGRESSIVE;
				GCC_WARN_UNUSED_FUNCTION = YES;
				GCC_WARN_UNUSED_VARIABLE = YES;
				MACOSX_DEPLOYMENT_TARGET = 10.10;
				MTL_ENABLE_DEBUG_INFO = YES;
				ONLY_ACTIVE_ARCH = YES;
				SDKROOT = macosx;
			};
			name = Debug;
		};
		F4A836E61AA88E4A00963695 /* Release */ = {
			isa = XCBuildConfiguration;
			buildSettings = {
				ALWAYS_SEARCH_USER_PATHS = NO;
				CLANG_CXX_LANGUAGE_STANDARD = "gnu++0x";
				CLANG_CXX_LIBRARY = "libc++";
				CLANG_ENABLE_MODULES = YES;
				CLANG_ENABLE_OBJC_ARC = YES;
				CLANG_WARN_BOOL_CONVERSION = YES;
				CLANG_WARN_CONSTANT_CONVERSION = YES;
				CLANG_WARN_DIRECT_OBJC_ISA_USAGE = YES_ERROR;
				CLANG_WARN_EMPTY_BODY = YES;
				CLANG_WARN_ENUM_CONVERSION = YES;
				CLANG_WARN_INT_CONVERSION = YES;
				CLANG_WARN_OBJC_ROOT_CLASS = YES_ERROR;
				CLANG_WARN_UNREACHABLE_CODE = YES;
				CLANG_WARN__DUPLICATE_METHOD_MATCH = YES;
				COPY_PHASE_STRIP = YES;
				DEBUG_INFORMATION_FORMAT = "dwarf-with-dsym";
				ENABLE_NS_ASSERTIONS = NO;
				ENABLE_STRICT_OBJC_MSGSEND = YES;
				GCC_C_LANGUAGE_STANDARD = gnu99;
				GCC_WARN_64_TO_32_BIT_CONVERSION = YES;
				GCC_WARN_ABOUT_RETURN_TYPE = YES_ERROR;
				GCC_WARN_UNDECLARED_SELECTOR = YES;
				GCC_WARN_UNINITIALIZED_AUTOS = YES_AGGRESSIVE;
				GCC_WARN_UNUSED_FUNCTION = YES;
				GCC_WARN_UNUSED_VARIABLE = YES;
				MACOSX_DEPLOYMENT_TARGET = 10.10;
				MTL_ENABLE_DEBUG_INFO = NO;
				SDKROOT = macosx;
			};
			name = Release;
		};
		F4A836E81AA88E4A00963695 /* Debug */ = {
			isa = XCBuildConfiguration;
			buildSettings = {
				ARCHS = "$(ARCHS_STANDARD)";
				PRODUCT_NAME = "voice-command";
			};
			name = Debug;
		};
		F4A836E91AA88E4A00963695 /* Release */ = {
			isa = XCBuildConfiguration;
			buildSettings = {
				ARCHS = "$(ARCHS_STANDARD)";
				PRODUCT_NAME = "voice-command";
			};
			name = Release;
		};
/* End XCBuildConfiguration section */

/* Begin XCConfigurationList section */
		F4A836DB1AA88E4900963695 /* Build configuration list for PBXProject "voice-command" */ = {
			isa = XCConfigurationList;
			buildConfigurations = (
				F4A836E51AA88E4A00963695 /* Debug */,
				F4A836E61AA88E4A00963695 /* Release */,
			);
			defaultConfigurationIsVisible = 0;
			defaultConfigurationName = Release;
		};
		F4A836E71AA88E4A00963695 /* Build configuration list for PBXNativeTarget "voice-command" */ = {
			isa = XCConfigurationList;
			buildConfigurations = (
				F4A836E81AA88E4A00963695 /* Debug */,
				F4A836E91AA88E4A00963695 /* Release */,
			);
			defaultConfigurationIsVisible = 0;
			defaultConfigurationName = Release;
		};
/* End XCConfigurationList section */
	};
	rootObject = F4A836D81AA88E4900963695 /* Project object */;
}
